
Microsoft Visual Studio Solution File, Format Version 12.00
# Visual Studio Version 17
VisualStudioVersion = 17.0.31903.59
MinimumVisualStudioVersion = 10.0.40219.1
Project("{FAE04EC0-301F-11D3-BF4B-00C04F79EFBC}") = "Asana.CLI", "Asana.CLI\Asana.CLI.csproj", "{F3290E20-4C49-4925-B119-39E248837E2F}"
EndProject
Project("{FAE04EC0-301F-11D3-BF4B-00C04F79EFBC}") = "Asana.Library", "Asana.Library\Asana.Library.csproj", "{92D579C2-C15C-47FB-9380-3D561DEBB0E3}"
EndProject
Project("{FAE04EC0-301F-11D3-BF4B-00C04F79EFBC}") = "Asana.Maui", "Asana.Maui\Asana.Maui.csproj", "{2CB8B2BD-7CC9-4644-A145-7F05E7408D93}"
EndProject
Global
	GlobalSection(SolutionConfigurationPlatforms) = preSolution
		Debug|Any CPU = Debug|Any CPU
		Debug|x64 = Debug|x64
		Debug|x86 = Debug|x86
		Release|Any CPU = Release|Any CPU
		Release|x64 = Release|x64
		Release|x86 = Release|x86
	EndGlobalSection
	GlobalSection(ProjectConfigurationPlatforms) = postSolution
		{F3290E20-4C49-4925-B119-39E248837E2F}.Debug|Any CPU.ActiveCfg = Debug|Any CPU
		{F3290E20-4C49-4925-B119-39E248837E2F}.Debug|Any CPU.Build.0 = Debug|Any CPU
		{F3290E20-4C49-4925-B119-39E248837E2F}.Debug|x64.ActiveCfg = Debug|Any CPU
		{F3290E20-4C49-4925-B119-39E248837E2F}.Debug|x64.Build.0 = Debug|Any CPU
		{F3290E20-4C49-4925-B119-39E248837E2F}.Debug|x86.ActiveCfg = Debug|Any CPU
		{F3290E20-4C49-4925-B119-39E248837E2F}.Debug|x86.Build.0 = Debug|Any CPU
		{F3290E20-4C49-4925-B119-39E248837E2F}.Release|Any CPU.ActiveCfg = Release|Any CPU
		{F3290E20-4C49-4925-B119-39E248837E2F}.Release|Any CPU.Build.0 = Release|Any CPU
		{F3290E20-4C49-4925-B119-39E248837E2F}.Release|x64.ActiveCfg = Release|Any CPU
		{F3290E20-4C49-4925-B119-39E248837E2F}.Release|x64.Build.0 = Release|Any CPU
		{F3290E20-4C49-4925-B119-39E248837E2F}.Release|x86.ActiveCfg = Release|Any CPU
		{F3290E20-4C49-4925-B119-39E248837E2F}.Release|x86.Build.0 = Release|Any CPU
		{92D579C2-C15C-47FB-9380-3D561DEBB0E3}.Debug|Any CPU.ActiveCfg = Debug|Any CPU
		{92D579C2-C15C-47FB-9380-3D561DEBB0E3}.Debug|Any CPU.Build.0 = Debug|Any CPU
		{92D579C2-C15C-47FB-9380-3D561DEBB0E3}.Debug|x64.ActiveCfg = Debug|Any CPU
		{92D579C2-C15C-47FB-9380-3D561DEBB0E3}.Debug|x64.Build.0 = Debug|Any CPU
		{92D579C2-C15C-47FB-9380-3D561DEBB0E3}.Debug|x86.ActiveCfg = Debug|Any CPU
		{92D579C2-C15C-47FB-9380-3D561DEBB0E3}.Debug|x86.Build.0 = Debug|Any CPU
		{92D579C2-C15C-47FB-9380-3D561DEBB0E3}.Release|Any CPU.ActiveCfg = Release|Any CPU
		{92D579C2-C15C-47FB-9380-3D561DEBB0E3}.Release|Any CPU.Build.0 = Release|Any CPU
		{92D579C2-C15C-47FB-9380-3D561DEBB0E3}.Release|x64.ActiveCfg = Release|Any CPU
		{92D579C2-C15C-47FB-9380-3D561DEBB0E3}.Release|x64.Build.0 = Release|Any CPU
		{92D579C2-C15C-47FB-9380-3D561DEBB0E3}.Release|x86.ActiveCfg = Release|Any CPU
		{92D579C2-C15C-47FB-9380-3D561DEBB0E3}.Release|x86.Build.0 = Release|Any CPU
		{2CB8B2BD-7CC9-4644-A145-7F05E7408D93}.Debug|Any CPU.ActiveCfg = Debug|Any CPU
		{2CB8B2BD-7CC9-4644-A145-7F05E7408D93}.Debug|Any CPU.Build.0 = Debug|Any CPU
		{2CB8B2BD-7CC9-4644-A145-7F05E7408D93}.Debug|x64.ActiveCfg = Debug|Any CPU
		{2CB8B2BD-7CC9-4644-A145-7F05E7408D93}.Debug|x64.Build.0 = Debug|Any CPU
		{2CB8B2BD-7CC9-4644-A145-7F05E7408D93}.Debug|x86.ActiveCfg = Debug|Any CPU
		{2CB8B2BD-7CC9-4644-A145-7F05E7408D93}.Debug|x86.Build.0 = Debug|Any CPU
		{2CB8B2BD-7CC9-4644-A145-7F05E7408D93}.Release|Any CPU.ActiveCfg = Release|Any CPU
		{2CB8B2BD-7CC9-4644-A145-7F05E7408D93}.Release|Any CPU.Build.0 = Release|Any CPU
		{2CB8B2BD-7CC9-4644-A145-7F05E7408D93}.Release|x64.ActiveCfg = Release|Any CPU
		{2CB8B2BD-7CC9-4644-A145-7F05E7408D93}.Release|x64.Build.0 = Release|Any CPU
		{2CB8B2BD-7CC9-4644-A145-7F05E7408D93}.Release|x86.ActiveCfg = Release|Any CPU
		{2CB8B2BD-7CC9-4644-A145-7F05E7408D93}.Release|x86.Build.0 = Release|Any CPU
	EndGlobalSection
	GlobalSection(SolutionProperties) = preSolution
		HideSolutionNode = FALSE
	EndGlobalSection
EndGlobal
