
Microsoft Visual Studio Solution File, Format Version 12.00
# Visual Studio Version 17
VisualStudioVersion = 17.0.31903.59
MinimumVisualStudioVersion = 10.0.40219.1
Project("{FAE04EC0-301F-11D3-BF4B-00C04F79EFBC}") = "Asana.Maui", "Asana.Maui\Asana.Maui.csproj", "{066B36EF-76F0-435A-BB83-14E61CAE45FD}"
EndProject
Project("{FAE04EC0-301F-11D3-BF4B-00C04F79EFBC}") = "Asana.CLI", "Asana.CLI\Asana.CLI.csproj", "{BCC9982C-1EBD-4006-A25B-1137EFE50E71}"
EndProject
Project("{FAE04EC0-301F-11D3-BF4B-00C04F79EFBC}") = "Asana.Library", "Asana.Library\Asana.Library.csproj", "{E5009514-A81B-48A8-B4EF-AF538535836D}"
EndProject
Project("{2150E333-8FDC-42A3-9474-1A3956D46DE8}") = "Asana", "Asana", "{0007DA78-75E5-2596-F9F4-7F60B3EBBD42}"
EndProject
Global
	GlobalSection(SolutionConfigurationPlatforms) = preSolution
		Debug|Any CPU = Debug|Any CPU
		Debug|x64 = Debug|x64
		Debug|x86 = Debug|x86
		Release|Any CPU = Release|Any CPU
		Release|x64 = Release|x64
		Release|x86 = Release|x86
	EndGlobalSection
	GlobalSection(ProjectConfigurationPlatforms) = postSolution
		{066B36EF-76F0-435A-BB83-14E61CAE45FD}.Debug|Any CPU.ActiveCfg = Debug|Any CPU
		{066B36EF-76F0-435A-BB83-14E61CAE45FD}.Debug|Any CPU.Build.0 = Debug|Any CPU
		{066B36EF-76F0-435A-BB83-14E61CAE45FD}.Debug|x64.ActiveCfg = Debug|Any CPU
		{066B36EF-76F0-435A-BB83-14E61CAE45FD}.Debug|x64.Build.0 = Debug|Any CPU
		{066B36EF-76F0-435A-BB83-14E61CAE45FD}.Debug|x86.ActiveCfg = Debug|Any CPU
		{066B36EF-76F0-435A-BB83-14E61CAE45FD}.Debug|x86.Build.0 = Debug|Any CPU
		{066B36EF-76F0-435A-BB83-14E61CAE45FD}.Release|Any CPU.ActiveCfg = Release|Any CPU
		{066B36EF-76F0-435A-BB83-14E61CAE45FD}.Release|Any CPU.Build.0 = Release|Any CPU
		{066B36EF-76F0-435A-BB83-14E61CAE45FD}.Release|x64.ActiveCfg = Release|Any CPU
		{066B36EF-76F0-435A-BB83-14E61CAE45FD}.Release|x64.Build.0 = Release|Any CPU
		{066B36EF-76F0-435A-BB83-14E61CAE45FD}.Release|x86.ActiveCfg = Release|Any CPU
		{066B36EF-76F0-435A-BB83-14E61CAE45FD}.Release|x86.Build.0 = Release|Any CPU
		{BCC9982C-1EBD-4006-A25B-1137EFE50E71}.Debug|Any CPU.ActiveCfg = Debug|Any CPU
		{BCC9982C-1EBD-4006-A25B-1137EFE50E71}.Debug|Any CPU.Build.0 = Debug|Any CPU
		{BCC9982C-1EBD-4006-A25B-1137EFE50E71}.Debug|x64.ActiveCfg = Debug|Any CPU
		{BCC9982C-1EBD-4006-A25B-1137EFE50E71}.Debug|x64.Build.0 = Debug|Any CPU
		{BCC9982C-1EBD-4006-A25B-1137EFE50E71}.Debug|x86.ActiveCfg = Debug|Any CPU
		{BCC9982C-1EBD-4006-A25B-1137EFE50E71}.Debug|x86.Build.0 = Debug|Any CPU
		{BCC9982C-1EBD-4006-A25B-1137EFE50E71}.Release|Any CPU.ActiveCfg = Release|Any CPU
		{BCC9982C-1EBD-4006-A25B-1137EFE50E71}.Release|Any CPU.Build.0 = Release|Any CPU
		{BCC9982C-1EBD-4006-A25B-1137EFE50E71}.Release|x64.ActiveCfg = Release|Any CPU
		{BCC9982C-1EBD-4006-A25B-1137EFE50E71}.Release|x64.Build.0 = Release|Any CPU
		{BCC9982C-1EBD-4006-A25B-1137EFE50E71}.Release|x86.ActiveCfg = Release|Any CPU
		{BCC9982C-1EBD-4006-A25B-1137EFE50E71}.Release|x86.Build.0 = Release|Any CPU
		{E5009514-A81B-48A8-B4EF-AF538535836D}.Debug|Any CPU.ActiveCfg = Debug|Any CPU
		{E5009514-A81B-48A8-B4EF-AF538535836D}.Debug|Any CPU.Build.0 = Debug|Any CPU
		{E5009514-A81B-48A8-B4EF-AF538535836D}.Debug|x64.ActiveCfg = Debug|Any CPU
		{E5009514-A81B-48A8-B4EF-AF538535836D}.Debug|x64.Build.0 = Debug|Any CPU
		{E5009514-A81B-48A8-B4EF-AF538535836D}.Debug|x86.ActiveCfg = Debug|Any CPU
		{E5009514-A81B-48A8-B4EF-AF538535836D}.Debug|x86.Build.0 = Debug|Any CPU
		{E5009514-A81B-48A8-B4EF-AF538535836D}.Release|Any CPU.ActiveCfg = Release|Any CPU
		{E5009514-A81B-48A8-B4EF-AF538535836D}.Release|Any CPU.Build.0 = Release|Any CPU
		{E5009514-A81B-48A8-B4EF-AF538535836D}.Release|x64.ActiveCfg = Release|Any CPU
		{E5009514-A81B-48A8-B4EF-AF538535836D}.Release|x64.Build.0 = Release|Any CPU
		{E5009514-A81B-48A8-B4EF-AF538535836D}.Release|x86.ActiveCfg = Release|Any CPU
		{E5009514-A81B-48A8-B4EF-AF538535836D}.Release|x86.Build.0 = Release|Any CPU
	EndGlobalSection
	GlobalSection(SolutionProperties) = preSolution
		HideSolutionNode = FALSE
	EndGlobalSection
EndGlobal
